
Microsoft Visual Studio Solution File, Format Version 12.00
# Visual Studio 15
VisualStudioVersion = 15.0.28010.2050
MinimumVisualStudioVersion = 10.0.40219.1
Project("{FAE04EC0-301F-11D3-BF4B-00C04F79EFBC}") = "App.IdentityProvider", "App.IdentityProvider\App.IdentityProvider.csproj", "{B62F43B1-AE1A-4119-BA20-7B6BB885BA29}"
EndProject
Global
	GlobalSection(SolutionConfigurationPlatforms) = preSolution
		Debug|Any CPU = Debug|Any CPU
		Release|Any CPU = Release|Any CPU
	EndGlobalSection
	GlobalSection(ProjectConfigurationPlatforms) = postSolution
		{B62F43B1-AE1A-4119-BA20-7B6BB885BA29}.Debug|Any CPU.ActiveCfg = Debug|Any CPU
		{B62F43B1-AE1A-4119-BA20-7B6BB885BA29}.Debug|Any CPU.Build.0 = Debug|Any CPU
		{B62F43B1-AE1A-4119-BA20-7B6BB885BA29}.Release|Any CPU.ActiveCfg = Release|Any CPU
		{B62F43B1-AE1A-4119-BA20-7B6BB885BA29}.Release|Any CPU.Build.0 = Release|Any CPU
	EndGlobalSection
	GlobalSection(SolutionProperties) = preSolution
		HideSolutionNode = FALSE
	EndGlobalSection
	GlobalSection(ExtensibilityGlobals) = postSolution
		SolutionGuid = {87533D23-F51D-48B6-B3BD-F48611D87A90}
	EndGlobalSection
EndGlobal
